// !$*UTF8*$!
{
	archiveVersion = 1;
	classes = {
	};
	objectVersion = 56;
	objects = {

/* Begin PBXBuildFile section */
		489A8C2B29F7CEA600F5E2C7 /* EventAppApp.swift in Sources */ = {isa = PBXBuildFile; fileRef = 489A8C2A29F7CEA600F5E2C7 /* EventAppApp.swift */; };
		489A8C2D29F7CEA600F5E2C7 /* ContentView.swift in Sources */ = {isa = PBXBuildFile; fileRef = 489A8C2C29F7CEA600F5E2C7 /* ContentView.swift */; };
		489A8C2F29F7CEA800F5E2C7 /* Assets.xcassets in Resources */ = {isa = PBXBuildFile; fileRef = 489A8C2E29F7CEA800F5E2C7 /* Assets.xcassets */; };
		489A8C3229F7CEA800F5E2C7 /* Preview Assets.xcassets in Resources */ = {isa = PBXBuildFile; fileRef = 489A8C3129F7CEA800F5E2C7 /* Preview Assets.xcassets */; };
		489A8C3429F7CEA800F5E2C7 /* Persistence.swift in Sources */ = {isa = PBXBuildFile; fileRef = 489A8C3329F7CEA800F5E2C7 /* Persistence.swift */; };
		489A8C3729F7CEA800F5E2C7 /* EventApp.xcdatamodeld in Sources */ = {isa = PBXBuildFile; fileRef = 489A8C3529F7CEA800F5E2C7 /* EventApp.xcdatamodeld */; };
		489A8C4229F7D97D00F5E2C7 /* HomeView.swift in Sources */ = {isa = PBXBuildFile; fileRef = 489A8C4129F7D97D00F5E2C7 /* HomeView.swift */; };
		489A8C4429F7D9AE00F5E2C7 /* EventDetailsView.swift in Sources */ = {isa = PBXBuildFile; fileRef = 489A8C4329F7D9AE00F5E2C7 /* EventDetailsView.swift */; };
		489A8C4829F7DA0D00F5E2C7 /* Consts.swift in Sources */ = {isa = PBXBuildFile; fileRef = 489A8C4729F7DA0D00F5E2C7 /* Consts.swift */; };
		489A8C4A29F7DA1B00F5E2C7 /* Styles.swift in Sources */ = {isa = PBXBuildFile; fileRef = 489A8C4929F7DA1B00F5E2C7 /* Styles.swift */; };
		489A8C4E29F7DBB000F5E2C7 /* Config.swift in Sources */ = {isa = PBXBuildFile; fileRef = 489A8C4D29F7DBB000F5E2C7 /* Config.swift */; };
		489A8C6429F7DD2300F5E2C7 /* AirbnbCereal_W_Bd.otf in Resources */ = {isa = PBXBuildFile; fileRef = 489A8C5F29F7DD2300F5E2C7 /* AirbnbCereal_W_Bd.otf */; };
		489A8C6529F7DD2300F5E2C7 /* AirbnbCereal_W_Blk.otf in Resources */ = {isa = PBXBuildFile; fileRef = 489A8C6029F7DD2300F5E2C7 /* AirbnbCereal_W_Blk.otf */; };
		489A8C6629F7DD2300F5E2C7 /* AirbnbCereal_W_Bk.otf in Resources */ = {isa = PBXBuildFile; fileRef = 489A8C6129F7DD2300F5E2C7 /* AirbnbCereal_W_Bk.otf */; };
		489A8C6729F7DD2300F5E2C7 /* AirbnbCereal_W_Md.otf in Resources */ = {isa = PBXBuildFile; fileRef = 489A8C6229F7DD2300F5E2C7 /* AirbnbCereal_W_Md.otf */; };
		489A8C6829F7DD2300F5E2C7 /* AirbnbCereal_W_Lt.otf in Resources */ = {isa = PBXBuildFile; fileRef = 489A8C6329F7DD2300F5E2C7 /* AirbnbCereal_W_Lt.otf */; };
/* End PBXBuildFile section */

/* Begin PBXFileReference section */
		489A8C2729F7CEA600F5E2C7 /* EventApp.app */ = {isa = PBXFileReference; explicitFileType = wrapper.application; includeInIndex = 0; path = EventApp.app; sourceTree = BUILT_PRODUCTS_DIR; };
		489A8C2A29F7CEA600F5E2C7 /* EventAppApp.swift */ = {isa = PBXFileReference; lastKnownFileType = sourcecode.swift; path = EventAppApp.swift; sourceTree = "<group>"; };
		489A8C2C29F7CEA600F5E2C7 /* ContentView.swift */ = {isa = PBXFileReference; lastKnownFileType = sourcecode.swift; path = ContentView.swift; sourceTree = "<group>"; };
		489A8C2E29F7CEA800F5E2C7 /* Assets.xcassets */ = {isa = PBXFileReference; lastKnownFileType = folder.assetcatalog; path = Assets.xcassets; sourceTree = "<group>"; };
		489A8C3129F7CEA800F5E2C7 /* Preview Assets.xcassets */ = {isa = PBXFileReference; lastKnownFileType = folder.assetcatalog; path = "Preview Assets.xcassets"; sourceTree = "<group>"; };
		489A8C3329F7CEA800F5E2C7 /* Persistence.swift */ = {isa = PBXFileReference; lastKnownFileType = sourcecode.swift; path = Persistence.swift; sourceTree = "<group>"; };
		489A8C3629F7CEA800F5E2C7 /* EventApp.xcdatamodel */ = {isa = PBXFileReference; lastKnownFileType = wrapper.xcdatamodel; path = EventApp.xcdatamodel; sourceTree = "<group>"; };
		489A8C4129F7D97D00F5E2C7 /* HomeView.swift */ = {isa = PBXFileReference; lastKnownFileType = sourcecode.swift; path = HomeView.swift; sourceTree = "<group>"; };
		489A8C4329F7D9AE00F5E2C7 /* EventDetailsView.swift */ = {isa = PBXFileReference; lastKnownFileType = sourcecode.swift; path = EventDetailsView.swift; sourceTree = "<group>"; };
		489A8C4729F7DA0D00F5E2C7 /* Consts.swift */ = {isa = PBXFileReference; lastKnownFileType = sourcecode.swift; path = Consts.swift; sourceTree = "<group>"; };
		489A8C4929F7DA1B00F5E2C7 /* Styles.swift */ = {isa = PBXFileReference; lastKnownFileType = sourcecode.swift; path = Styles.swift; sourceTree = "<group>"; };
		489A8C4D29F7DBB000F5E2C7 /* Config.swift */ = {isa = PBXFileReference; lastKnownFileType = sourcecode.swift; path = Config.swift; sourceTree = "<group>"; };
		489A8C5F29F7DD2300F5E2C7 /* AirbnbCereal_W_Bd.otf */ = {isa = PBXFileReference; lastKnownFileType = file; name = AirbnbCereal_W_Bd.otf; path = ../../../../Downloads/AirbnbCereal_W_Bd.otf; sourceTree = "<group>"; };
		489A8C6029F7DD2300F5E2C7 /* AirbnbCereal_W_Blk.otf */ = {isa = PBXFileReference; lastKnownFileType = file; name = AirbnbCereal_W_Blk.otf; path = ../../../../Downloads/AirbnbCereal_W_Blk.otf; sourceTree = "<group>"; };
		489A8C6129F7DD2300F5E2C7 /* AirbnbCereal_W_Bk.otf */ = {isa = PBXFileReference; lastKnownFileType = file; name = AirbnbCereal_W_Bk.otf; path = ../../../../Downloads/AirbnbCereal_W_Bk.otf; sourceTree = "<group>"; };
		489A8C6229F7DD2300F5E2C7 /* AirbnbCereal_W_Md.otf */ = {isa = PBXFileReference; lastKnownFileType = file; name = AirbnbCereal_W_Md.otf; path = ../../../../Downloads/AirbnbCereal_W_Md.otf; sourceTree = "<group>"; };
		489A8C6329F7DD2300F5E2C7 /* AirbnbCereal_W_Lt.otf */ = {isa = PBXFileReference; lastKnownFileType = file; name = AirbnbCereal_W_Lt.otf; path = ../../../../Downloads/AirbnbCereal_W_Lt.otf; sourceTree = "<group>"; };
		489A8C6929F7DD4F00F5E2C7 /* Info.plist */ = {isa = PBXFileReference; lastKnownFileType = text.plist; path = Info.plist; sourceTree = "<group>"; };
/* End PBXFileReference section */

/* Begin PBXFrameworksBuildPhase section */
		489A8C2429F7CEA600F5E2C7 /* Frameworks */ = {
			isa = PBXFrameworksBuildPhase;
			buildActionMask = 2147483647;
			files = (
			);
			runOnlyForDeploymentPostprocessing = 0;
		};
/* End PBXFrameworksBuildPhase section */

/* Begin PBXGroup section */
		489A8C1E29F7CEA600F5E2C7 = {
			isa = PBXGroup;
			children = (
				489A8C2929F7CEA600F5E2C7 /* EventApp */,
				489A8C2829F7CEA600F5E2C7 /* Products */,
			);
			sourceTree = "<group>";
		};
		489A8C2829F7CEA600F5E2C7 /* Products */ = {
			isa = PBXGroup;
			children = (
				489A8C2729F7CEA600F5E2C7 /* EventApp.app */,
			);
			name = Products;
			sourceTree = "<group>";
		};
		489A8C2929F7CEA600F5E2C7 /* EventApp */ = {
			isa = PBXGroup;
			children = (
				489A8C6929F7DD4F00F5E2C7 /* Info.plist */,
				489A8C4F29F7DC2800F5E2C7 /* fonts */,
				489A8C4629F7D9F600F5E2C7 /* Utils */,
				489A8C4029F7D62500F5E2C7 /* Data */,
				489A8C3F29F7D61E00F5E2C7 /* View */,
				489A8C3E29F7D61600F5E2C7 /* Model */,
				489A8C3D29F7D60200F5E2C7 /* ViewModels */,
				489A8C2A29F7CEA600F5E2C7 /* EventAppApp.swift */,
				489A8C2C29F7CEA600F5E2C7 /* ContentView.swift */,
				489A8C2E29F7CEA800F5E2C7 /* Assets.xcassets */,
				489A8C3329F7CEA800F5E2C7 /* Persistence.swift */,
				489A8C3529F7CEA800F5E2C7 /* EventApp.xcdatamodeld */,
				489A8C3029F7CEA800F5E2C7 /* Preview Content */,
			);
			path = EventApp;
			sourceTree = "<group>";
		};
		489A8C3029F7CEA800F5E2C7 /* Preview Content */ = {
			isa = PBXGroup;
			children = (
				489A8C3129F7CEA800F5E2C7 /* Preview Assets.xcassets */,
			);
			path = "Preview Content";
			sourceTree = "<group>";
		};
		489A8C3D29F7D60200F5E2C7 /* ViewModels */ = {
			isa = PBXGroup;
			children = (
			);
			path = ViewModels;
			sourceTree = "<group>";
		};
		489A8C3E29F7D61600F5E2C7 /* Model */ = {
			isa = PBXGroup;
			children = (
			);
			path = Model;
			sourceTree = "<group>";
		};
		489A8C3F29F7D61E00F5E2C7 /* View */ = {
			isa = PBXGroup;
			children = (
				489A8C4529F7D9C700F5E2C7 /* Widget */,
				489A8C4129F7D97D00F5E2C7 /* HomeView.swift */,
				489A8C4329F7D9AE00F5E2C7 /* EventDetailsView.swift */,
			);
			path = View;
			sourceTree = "<group>";
		};
		489A8C4029F7D62500F5E2C7 /* Data */ = {
			isa = PBXGroup;
			children = (
			);
			path = Data;
			sourceTree = "<group>";
		};
		489A8C4529F7D9C700F5E2C7 /* Widget */ = {
			isa = PBXGroup;
			children = (
			);
			path = Widget;
			sourceTree = "<group>";
		};
		489A8C4629F7D9F600F5E2C7 /* Utils */ = {
			isa = PBXGroup;
			children = (
				489A8C4729F7DA0D00F5E2C7 /* Consts.swift */,
				489A8C4929F7DA1B00F5E2C7 /* Styles.swift */,
				489A8C4D29F7DBB000F5E2C7 /* Config.swift */,
			);
			path = Utils;
			sourceTree = "<group>";
		};
		489A8C4F29F7DC2800F5E2C7 /* fonts */ = {
			isa = PBXGroup;
			children = (
				489A8C5F29F7DD2300F5E2C7 /* AirbnbCereal_W_Bd.otf */,
				489A8C6129F7DD2300F5E2C7 /* AirbnbCereal_W_Bk.otf */,
				489A8C6029F7DD2300F5E2C7 /* AirbnbCereal_W_Blk.otf */,
				489A8C6329F7DD2300F5E2C7 /* AirbnbCereal_W_Lt.otf */,
				489A8C6229F7DD2300F5E2C7 /* AirbnbCereal_W_Md.otf */,
			);
			path = fonts;
			sourceTree = "<group>";
		};
/* End PBXGroup section */

/* Begin PBXNativeTarget section */
		489A8C2629F7CEA600F5E2C7 /* EventApp */ = {
			isa = PBXNativeTarget;
			buildConfigurationList = 489A8C3A29F7CEA800F5E2C7 /* Build configuration list for PBXNativeTarget "EventApp" */;
			buildPhases = (
				489A8C2329F7CEA600F5E2C7 /* Sources */,
				489A8C2429F7CEA600F5E2C7 /* Frameworks */,
				489A8C2529F7CEA600F5E2C7 /* Resources */,
			);
			buildRules = (
			);
			dependencies = (
			);
			name = EventApp;
			productName = EventApp;
			productReference = 489A8C2729F7CEA600F5E2C7 /* EventApp.app */;
			productType = "com.apple.product-type.application";
		};
/* End PBXNativeTarget section */

/* Begin PBXProject section */
		489A8C1F29F7CEA600F5E2C7 /* Project object */ = {
			isa = PBXProject;
			attributes = {
				BuildIndependentTargetsInParallel = 1;
				LastSwiftUpdateCheck = 1430;
				LastUpgradeCheck = 1430;
				TargetAttributes = {
					489A8C2629F7CEA600F5E2C7 = {
						CreatedOnToolsVersion = 14.3;
					};
				};
			};
			buildConfigurationList = 489A8C2229F7CEA600F5E2C7 /* Build configuration list for PBXProject "EventApp" */;
			compatibilityVersion = "Xcode 14.0";
			developmentRegion = en;
			hasScannedForEncodings = 0;
			knownRegions = (
				en,
				Base,
			);
			mainGroup = 489A8C1E29F7CEA600F5E2C7;
			productRefGroup = 489A8C2829F7CEA600F5E2C7 /* Products */;
			projectDirPath = "";
			projectRoot = "";
			targets = (
				489A8C2629F7CEA600F5E2C7 /* EventApp */,
			);
		};
/* End PBXProject section */

/* Begin PBXResourcesBuildPhase section */
		489A8C2529F7CEA600F5E2C7 /* Resources */ = {
			isa = PBXResourcesBuildPhase;
			buildActionMask = 2147483647;
			files = (
				489A8C6729F7DD2300F5E2C7 /* AirbnbCereal_W_Md.otf in Resources */,
				489A8C6829F7DD2300F5E2C7 /* AirbnbCereal_W_Lt.otf in Resources */,
				489A8C6629F7DD2300F5E2C7 /* AirbnbCereal_W_Bk.otf in Resources */,
				489A8C6429F7DD2300F5E2C7 /* AirbnbCereal_W_Bd.otf in Resources */,
				489A8C6529F7DD2300F5E2C7 /* AirbnbCereal_W_Blk.otf in Resources */,
				489A8C3229F7CEA800F5E2C7 /* Preview Assets.xcassets in Resources */,
				489A8C2F29F7CEA800F5E2C7 /* Assets.xcassets in Resources */,
			);
			runOnlyForDeploymentPostprocessing = 0;
		};
/* End PBXResourcesBuildPhase section */

/* Begin PBXSourcesBuildPhase section */
		489A8C2329F7CEA600F5E2C7 /* Sources */ = {
			isa = PBXSourcesBuildPhase;
			buildActionMask = 2147483647;
			files = (
				489A8C3729F7CEA800F5E2C7 /* EventApp.xcdatamodeld in Sources */,
				489A8C3429F7CEA800F5E2C7 /* Persistence.swift in Sources */,
				489A8C4E29F7DBB000F5E2C7 /* Config.swift in Sources */,
				489A8C2D29F7CEA600F5E2C7 /* ContentView.swift in Sources */,
				489A8C4A29F7DA1B00F5E2C7 /* Styles.swift in Sources */,
				489A8C4229F7D97D00F5E2C7 /* HomeView.swift in Sources */,
				489A8C4829F7DA0D00F5E2C7 /* Consts.swift in Sources */,
				489A8C4429F7D9AE00F5E2C7 /* EventDetailsView.swift in Sources */,
				489A8C2B29F7CEA600F5E2C7 /* EventAppApp.swift in Sources */,
			);
			runOnlyForDeploymentPostprocessing = 0;
		};
/* End PBXSourcesBuildPhase section */

/* Begin XCBuildConfiguration section */
		489A8C3829F7CEA800F5E2C7 /* Debug */ = {
			isa = XCBuildConfiguration;
			buildSettings = {
				ALWAYS_SEARCH_USER_PATHS = NO;
				CLANG_ANALYZER_NONNULL = YES;
				CLANG_ANALYZER_NUMBER_OBJECT_CONVERSION = YES_AGGRESSIVE;
				CLANG_CXX_LANGUAGE_STANDARD = "gnu++20";
				CLANG_ENABLE_MODULES = YES;
				CLANG_ENABLE_OBJC_ARC = YES;
				CLANG_ENABLE_OBJC_WEAK = YES;
				CLANG_WARN_BLOCK_CAPTURE_AUTORELEASING = YES;
				CLANG_WARN_BOOL_CONVERSION = YES;
				CLANG_WARN_COMMA = YES;
				CLANG_WARN_CONSTANT_CONVERSION = YES;
				CLANG_WARN_DEPRECATED_OBJC_IMPLEMENTATIONS = YES;
				CLANG_WARN_DIRECT_OBJC_ISA_USAGE = YES_ERROR;
				CLANG_WARN_DOCUMENTATION_COMMENTS = YES;
				CLANG_WARN_EMPTY_BODY = YES;
				CLANG_WARN_ENUM_CONVERSION = YES;
				CLANG_WARN_INFINITE_RECURSION = YES;
				CLANG_WARN_INT_CONVERSION = YES;
				CLANG_WARN_NON_LITERAL_NULL_CONVERSION = YES;
				CLANG_WARN_OBJC_IMPLICIT_RETAIN_SELF = YES;
				CLANG_WARN_OBJC_LITERAL_CONVERSION = YES;
				CLANG_WARN_OBJC_ROOT_CLASS = YES_ERROR;
				CLANG_WARN_QUOTED_INCLUDE_IN_FRAMEWORK_HEADER = YES;
				CLANG_WARN_RANGE_LOOP_ANALYSIS = YES;
				CLANG_WARN_STRICT_PROTOTYPES = YES;
				CLANG_WARN_SUSPICIOUS_MOVE = YES;
				CLANG_WARN_UNGUARDED_AVAILABILITY = YES_AGGRESSIVE;
				CLANG_WARN_UNREACHABLE_CODE = YES;
				CLANG_WARN__DUPLICATE_METHOD_MATCH = YES;
				COPY_PHASE_STRIP = NO;
				DEBUG_INFORMATION_FORMAT = dwarf;
				ENABLE_STRICT_OBJC_MSGSEND = YES;
				ENABLE_TESTABILITY = YES;
				GCC_C_LANGUAGE_STANDARD = gnu11;
				GCC_DYNAMIC_NO_PIC = NO;
				GCC_NO_COMMON_BLOCKS = YES;
				GCC_OPTIMIZATION_LEVEL = 0;
				GCC_PREPROCESSOR_DEFINITIONS = (
					"DEBUG=1",
					"$(inherited)",
				);
				GCC_WARN_64_TO_32_BIT_CONVERSION = YES;
				GCC_WARN_ABOUT_RETURN_TYPE = YES_ERROR;
				GCC_WARN_UNDECLARED_SELECTOR = YES;
				GCC_WARN_UNINITIALIZED_AUTOS = YES_AGGRESSIVE;
				GCC_WARN_UNUSED_FUNCTION = YES;
				GCC_WARN_UNUSED_VARIABLE = YES;
				IPHONEOS_DEPLOYMENT_TARGET = 16.4;
				MTL_ENABLE_DEBUG_INFO = INCLUDE_SOURCE;
				MTL_FAST_MATH = YES;
				ONLY_ACTIVE_ARCH = YES;
				SDKROOT = iphoneos;
				SWIFT_ACTIVE_COMPILATION_CONDITIONS = DEBUG;
				SWIFT_OPTIMIZATION_LEVEL = "-Onone";
			};
			name = Debug;
		};
		489A8C3929F7CEA800F5E2C7 /* Release */ = {
			isa = XCBuildConfiguration;
			buildSettings = {
				ALWAYS_SEARCH_USER_PATHS = NO;
				CLANG_ANALYZER_NONNULL = YES;
				CLANG_ANALYZER_NUMBER_OBJECT_CONVERSION = YES_AGGRESSIVE;
				CLANG_CXX_LANGUAGE_STANDARD = "gnu++20";
				CLANG_ENABLE_MODULES = YES;
				CLANG_ENABLE_OBJC_ARC = YES;
				CLANG_ENABLE_OBJC_WEAK = YES;
				CLANG_WARN_BLOCK_CAPTURE_AUTORELEASING = YES;
				CLANG_WARN_BOOL_CONVERSION = YES;
				CLANG_WARN_COMMA = YES;
				CLANG_WARN_CONSTANT_CONVERSION = YES;
				CLANG_WARN_DEPRECATED_OBJC_IMPLEMENTATIONS = YES;
				CLANG_WARN_DIRECT_OBJC_ISA_USAGE = YES_ERROR;
				CLANG_WARN_DOCUMENTATION_COMMENTS = YES;
				CLANG_WARN_EMPTY_BODY = YES;
				CLANG_WARN_ENUM_CONVERSION = YES;
				CLANG_WARN_INFINITE_RECURSION = YES;
				CLANG_WARN_INT_CONVERSION = YES;
				CLANG_WARN_NON_LITERAL_NULL_CONVERSION = YES;
				CLANG_WARN_OBJC_IMPLICIT_RETAIN_SELF = YES;
				CLANG_WARN_OBJC_LITERAL_CONVERSION = YES;
				CLANG_WARN_OBJC_ROOT_CLASS = YES_ERROR;
				CLANG_WARN_QUOTED_INCLUDE_IN_FRAMEWORK_HEADER = YES;
				CLANG_WARN_RANGE_LOOP_ANALYSIS = YES;
				CLANG_WARN_STRICT_PROTOTYPES = YES;
				CLANG_WARN_SUSPICIOUS_MOVE = YES;
				CLANG_WARN_UNGUARDED_AVAILABILITY = YES_AGGRESSIVE;
				CLANG_WARN_UNREACHABLE_CODE = YES;
				CLANG_WARN__DUPLICATE_METHOD_MATCH = YES;
				COPY_PHASE_STRIP = NO;
				DEBUG_INFORMATION_FORMAT = "dwarf-with-dsym";
				ENABLE_NS_ASSERTIONS = NO;
				ENABLE_STRICT_OBJC_MSGSEND = YES;
				GCC_C_LANGUAGE_STANDARD = gnu11;
				GCC_NO_COMMON_BLOCKS = YES;
				GCC_WARN_64_TO_32_BIT_CONVERSION = YES;
				GCC_WARN_ABOUT_RETURN_TYPE = YES_ERROR;
				GCC_WARN_UNDECLARED_SELECTOR = YES;
				GCC_WARN_UNINITIALIZED_AUTOS = YES_AGGRESSIVE;
				GCC_WARN_UNUSED_FUNCTION = YES;
				GCC_WARN_UNUSED_VARIABLE = YES;
				IPHONEOS_DEPLOYMENT_TARGET = 16.4;
				MTL_ENABLE_DEBUG_INFO = NO;
				MTL_FAST_MATH = YES;
				SDKROOT = iphoneos;
				SWIFT_COMPILATION_MODE = wholemodule;
				SWIFT_OPTIMIZATION_LEVEL = "-O";
				VALIDATE_PRODUCT = YES;
			};
			name = Release;
		};
		489A8C3B29F7CEA800F5E2C7 /* Debug */ = {
			isa = XCBuildConfiguration;
			buildSettings = {
				ASSETCATALOG_COMPILER_APPICON_NAME = AppIcon;
				ASSETCATALOG_COMPILER_GLOBAL_ACCENT_COLOR_NAME = AccentColor;
				CODE_SIGN_STYLE = Automatic;
				CURRENT_PROJECT_VERSION = 1;
				DEVELOPMENT_ASSET_PATHS = "\"EventApp/Preview Content\"";
				ENABLE_PREVIEWS = YES;
				GENERATE_INFOPLIST_FILE = YES;
				INFOPLIST_FILE = EventApp/Info.plist;
				INFOPLIST_KEY_LSApplicationCategoryType = "";
				INFOPLIST_KEY_UIApplicationSceneManifest_Generation = YES;
				INFOPLIST_KEY_UIApplicationSupportsIndirectInputEvents = YES;
				INFOPLIST_KEY_UILaunchScreen_Generation = YES;
				INFOPLIST_KEY_UISupportedInterfaceOrientations_iPad = "UIInterfaceOrientationPortrait UIInterfaceOrientationPortraitUpsideDown UIInterfaceOrientationLandscapeLeft UIInterfaceOrientationLandscapeRight";
				INFOPLIST_KEY_UISupportedInterfaceOrientations_iPhone = "UIInterfaceOrientationPortrait UIInterfaceOrientationLandscapeLeft UIInterfaceOrientationLandscapeRight";
				LD_RUNPATH_SEARCH_PATHS = (
					"$(inherited)",
					"@executable_path/Frameworks",
				);
				MARKETING_VERSION = 1.0;
				PRODUCT_BUNDLE_IDENTIFIER = test.EventApp;
				PRODUCT_NAME = "$(TARGET_NAME)";
				SWIFT_EMIT_LOC_STRINGS = YES;
				SWIFT_VERSION = 5.0;
				TARGETED_DEVICE_FAMILY = "1,2";
			};
			name = Debug;
		};
		489A8C3C29F7CEA800F5E2C7 /* Release */ = {
			isa = XCBuildConfiguration;
			buildSettings = {
				ASSETCATALOG_COMPILER_APPICON_NAME = AppIcon;
				ASSETCATALOG_COMPILER_GLOBAL_ACCENT_COLOR_NAME = AccentColor;
				CODE_SIGN_STYLE = Automatic;
				CURRENT_PROJECT_VERSION = 1;
				DEVELOPMENT_ASSET_PATHS = "\"EventApp/Preview Content\"";
				ENABLE_PREVIEWS = YES;
				GENERATE_INFOPLIST_FILE = YES;
				INFOPLIST_FILE = EventApp/Info.plist;
				INFOPLIST_KEY_LSApplicationCategoryType = "";
				INFOPLIST_KEY_UIApplicationSceneManifest_Generation = YES;
				INFOPLIST_KEY_UIApplicationSupportsIndirectInputEvents = YES;
				INFOPLIST_KEY_UILaunchScreen_Generation = YES;
				INFOPLIST_KEY_UISupportedInterfaceOrientations_iPad = "UIInterfaceOrientationPortrait UIInterfaceOrientationPortraitUpsideDown UIInterfaceOrientationLandscapeLeft UIInterfaceOrientationLandscapeRight";
				INFOPLIST_KEY_UISupportedInterfaceOrientations_iPhone = "UIInterfaceOrientationPortrait UIInterfaceOrientationLandscapeLeft UIInterfaceOrientationLandscapeRight";
				LD_RUNPATH_SEARCH_PATHS = (
					"$(inherited)",
					"@executable_path/Frameworks",
				);
				MARKETING_VERSION = 1.0;
				PRODUCT_BUNDLE_IDENTIFIER = test.EventApp;
				PRODUCT_NAME = "$(TARGET_NAME)";
				SWIFT_EMIT_LOC_STRINGS = YES;
				SWIFT_VERSION = 5.0;
				TARGETED_DEVICE_FAMILY = "1,2";
			};
			name = Release;
		};
/* End XCBuildConfiguration section */

/* Begin XCConfigurationList section */
		489A8C2229F7CEA600F5E2C7 /* Build configuration list for PBXProject "EventApp" */ = {
			isa = XCConfigurationList;
			buildConfigurations = (
				489A8C3829F7CEA800F5E2C7 /* Debug */,
				489A8C3929F7CEA800F5E2C7 /* Release */,
			);
			defaultConfigurationIsVisible = 0;
			defaultConfigurationName = Release;
		};
		489A8C3A29F7CEA800F5E2C7 /* Build configuration list for PBXNativeTarget "EventApp" */ = {
			isa = XCConfigurationList;
			buildConfigurations = (
				489A8C3B29F7CEA800F5E2C7 /* Debug */,
				489A8C3C29F7CEA800F5E2C7 /* Release */,
			);
			defaultConfigurationIsVisible = 0;
			defaultConfigurationName = Release;
		};
/* End XCConfigurationList section */

/* Begin XCVersionGroup section */
		489A8C3529F7CEA800F5E2C7 /* EventApp.xcdatamodeld */ = {
			isa = XCVersionGroup;
			children = (
				489A8C3629F7CEA800F5E2C7 /* EventApp.xcdatamodel */,
			);
			currentVersion = 489A8C3629F7CEA800F5E2C7 /* EventApp.xcdatamodel */;
			path = EventApp.xcdatamodeld;
			sourceTree = "<group>";
			versionGroupType = wrapper.xcdatamodel;
		};
/* End XCVersionGroup section */
	};
	rootObject = 489A8C1F29F7CEA600F5E2C7 /* Project object */;
}
